
Microsoft Visual Studio Solution File, Format Version 12.00
# Visual Studio Version 16
VisualStudioVersion = 16.0.31321.278
MinimumVisualStudioVersion = 10.0.40219.1
Project("{9A19103F-16F7-4668-BE54-9A1E7A4F7556}") = "Facc", "Facc\Facc.csproj", "{C7D3369C-0D5E-47E1-8C89-B6516941FDC0}"
EndProject
Project("{9A19103F-16F7-4668-BE54-9A1E7A4F7556}") = "Facc.Example", "Facc.Example\Facc.Example.csproj", "{69CCCACD-01E9-466F-A6D1-29B9EA53AB5E}"
EndProject
Project("{2150E333-8FDC-42A3-9474-1A3956D46DE8}") = "docs", "docs", "{2770B937-6BBF-4643-AC5A-A42CEEA2EDA2}"
	ProjectSection(SolutionItems) = preProject
		README.md = README.md
	EndProjectSection
EndProject
Global
	GlobalSection(SolutionConfigurationPlatforms) = preSolution
		Debug|Any CPU = Debug|Any CPU
		Release|Any CPU = Release|Any CPU
	EndGlobalSection
	GlobalSection(ProjectConfigurationPlatforms) = postSolution
		{C7D3369C-0D5E-47E1-8C89-B6516941FDC0}.Debug|Any CPU.ActiveCfg = Debug|Any CPU
		{C7D3369C-0D5E-47E1-8C89-B6516941FDC0}.Debug|Any CPU.Build.0 = Debug|Any CPU
		{C7D3369C-0D5E-47E1-8C89-B6516941FDC0}.Release|Any CPU.ActiveCfg = Release|Any CPU
		{C7D3369C-0D5E-47E1-8C89-B6516941FDC0}.Release|Any CPU.Build.0 = Release|Any CPU
		{69CCCACD-01E9-466F-A6D1-29B9EA53AB5E}.Debug|Any CPU.ActiveCfg = Debug|Any CPU
		{69CCCACD-01E9-466F-A6D1-29B9EA53AB5E}.Debug|Any CPU.Build.0 = Debug|Any CPU
		{69CCCACD-01E9-466F-A6D1-29B9EA53AB5E}.Release|Any CPU.ActiveCfg = Release|Any CPU
		{69CCCACD-01E9-466F-A6D1-29B9EA53AB5E}.Release|Any CPU.Build.0 = Release|Any CPU
	EndGlobalSection
	GlobalSection(SolutionProperties) = preSolution
		HideSolutionNode = FALSE
	EndGlobalSection
	GlobalSection(ExtensibilityGlobals) = postSolution
		SolutionGuid = {77CFF4CD-3E39-4A63-9E12-A2514B7D6792}
	EndGlobalSection
EndGlobal
